
Microsoft Visual Studio Solution File, Format Version 12.00
# Visual Studio Version 17
VisualStudioVersion = 17.14.37502.11 d17.14
MinimumVisualStudioVersion = 10.0.40219.1
Project("{FAE04EC0-301F-11D3-BF4B-00C04F79EFBC}") = "moneyguanli", "moneyguanli\moneyguanli.csproj", "{A2460EDB-9CE5-46C1-8202-51CF5A8217E3}"
EndProject
Global
	GlobalSection(SolutionConfigurationPlatforms) = preSolution
		Debug|Any CPU = Debug|Any CPU
		Release|Any CPU = Release|Any CPU
	EndGlobalSection
	GlobalSection(ProjectConfigurationPlatforms) = postSolution
		{A2460EDB-9CE5-46C1-8202-51CF5A8217E3}.Debug|Any CPU.ActiveCfg = Debug|Any CPU
		{A2460EDB-9CE5-46C1-8202-51CF5A8217E3}.Debug|Any CPU.Build.0 = Debug|Any CPU
		{A2460EDB-9CE5-46C1-8202-51CF5A8217E3}.Release|Any CPU.ActiveCfg = Release|Any CPU
		{A2460EDB-9CE5-46C1-8202-51CF5A8217E3}.Release|Any CPU.Build.0 = Release|Any CPU
	EndGlobalSection
	GlobalSection(SolutionProperties) = preSolution
		HideSolutionNode = FALSE
	EndGlobalSection
	GlobalSection(ExtensibilityGlobals) = postSolution
		SolutionGuid = {0F1B7593-CB35-40A8-B169-CFE5CCBA81DA}
	EndGlobalSection
EndGlobal
