
Microsoft Visual Studio Solution File, Format Version 12.00
# Visual Studio Version 17
VisualStudioVersion = 17.14.37502.11 d17.14
MinimumVisualStudioVersion = 10.0.40219.1
Project("{FAE04EC0-301F-11D3-BF4B-00C04F79EFBC}") = "zuoye8yue10ri", "zuoye8yue10ri\zuoye8yue10ri.csproj", "{1D8F5C65-B127-4B33-957F-3FAC5BEFC5F2}"
EndProject
Global
	GlobalSection(SolutionConfigurationPlatforms) = preSolution
		Debug|Any CPU = Debug|Any CPU
		Release|Any CPU = Release|Any CPU
	EndGlobalSection
	GlobalSection(ProjectConfigurationPlatforms) = postSolution
		{1D8F5C65-B127-4B33-957F-3FAC5BEFC5F2}.Debug|Any CPU.ActiveCfg = Debug|Any CPU
		{1D8F5C65-B127-4B33-957F-3FAC5BEFC5F2}.Debug|Any CPU.Build.0 = Debug|Any CPU
		{1D8F5C65-B127-4B33-957F-3FAC5BEFC5F2}.Release|Any CPU.ActiveCfg = Release|Any CPU
		{1D8F5C65-B127-4B33-957F-3FAC5BEFC5F2}.Release|Any CPU.Build.0 = Release|Any CPU
	EndGlobalSection
	GlobalSection(SolutionProperties) = preSolution
		HideSolutionNode = FALSE
	EndGlobalSection
	GlobalSection(ExtensibilityGlobals) = postSolution
		SolutionGuid = {623DE656-2C1D-4825-9CB1-6BB854C37FB7}
	EndGlobalSection
EndGlobal
