
Microsoft Visual Studio Solution File, Format Version 12.00
# Visual Studio Version 17
VisualStudioVersion = 17.14.37502.11 d17.14
MinimumVisualStudioVersion = 10.0.40219.1
Project("{FAE04EC0-301F-11D3-BF4B-00C04F79EFBC}") = "zuoye8yue14ri", "zuoye8yue14ri\zuoye8yue14ri.csproj", "{8B073AE8-AE4F-42C2-AB41-54D7DAE0C046}"
EndProject
Global
	GlobalSection(SolutionConfigurationPlatforms) = preSolution
		Debug|Any CPU = Debug|Any CPU
		Release|Any CPU = Release|Any CPU
	EndGlobalSection
	GlobalSection(ProjectConfigurationPlatforms) = postSolution
		{8B073AE8-AE4F-42C2-AB41-54D7DAE0C046}.Debug|Any CPU.ActiveCfg = Debug|Any CPU
		{8B073AE8-AE4F-42C2-AB41-54D7DAE0C046}.Debug|Any CPU.Build.0 = Debug|Any CPU
		{8B073AE8-AE4F-42C2-AB41-54D7DAE0C046}.Release|Any CPU.ActiveCfg = Release|Any CPU
		{8B073AE8-AE4F-42C2-AB41-54D7DAE0C046}.Release|Any CPU.Build.0 = Release|Any CPU
	EndGlobalSection
	GlobalSection(SolutionProperties) = preSolution
		HideSolutionNode = FALSE
	EndGlobalSection
	GlobalSection(ExtensibilityGlobals) = postSolution
		SolutionGuid = {799510A4-BA29-4614-A240-F8CEFBF9836D}
	EndGlobalSection
EndGlobal
