
Microsoft Visual Studio Solution File, Format Version 12.00
# Visual Studio Version 17
VisualStudioVersion = 17.14.37502.11 d17.14
MinimumVisualStudioVersion = 10.0.40219.1
Project("{FAE04EC0-301F-11D3-BF4B-00C04F79EFBC}") = "lianxi9yue1ri", "lianxi9yue1ri\lianxi9yue1ri.csproj", "{CE105ED4-A6DB-48D4-B17B-B8239DF3DD56}"
EndProject
Global
	GlobalSection(SolutionConfigurationPlatforms) = preSolution
		Debug|Any CPU = Debug|Any CPU
		Release|Any CPU = Release|Any CPU
	EndGlobalSection
	GlobalSection(ProjectConfigurationPlatforms) = postSolution
		{CE105ED4-A6DB-48D4-B17B-B8239DF3DD56}.Debug|Any CPU.ActiveCfg = Debug|Any CPU
		{CE105ED4-A6DB-48D4-B17B-B8239DF3DD56}.Debug|Any CPU.Build.0 = Debug|Any CPU
		{CE105ED4-A6DB-48D4-B17B-B8239DF3DD56}.Release|Any CPU.ActiveCfg = Release|Any CPU
		{CE105ED4-A6DB-48D4-B17B-B8239DF3DD56}.Release|Any CPU.Build.0 = Release|Any CPU
	EndGlobalSection
	GlobalSection(SolutionProperties) = preSolution
		HideSolutionNode = FALSE
	EndGlobalSection
	GlobalSection(ExtensibilityGlobals) = postSolution
		SolutionGuid = {AFD4E66C-8FCB-4DC5-B976-06B3771B1760}
	EndGlobalSection
EndGlobal
