
Microsoft Visual Studio Solution File, Format Version 12.00
# Visual Studio Version 17
VisualStudioVersion = 17.14.37502.11 d17.14
MinimumVisualStudioVersion = 10.0.40219.1
Project("{FAE04EC0-301F-11D3-BF4B-00C04F79EFBC}") = "WinFormsApp1", "WinFormsApp1\WinFormsApp1.csproj", "{1493C491-7827-4E21-9543-05A53228CBCD}"
EndProject
Global
	GlobalSection(SolutionConfigurationPlatforms) = preSolution
		Debug|Any CPU = Debug|Any CPU
		Release|Any CPU = Release|Any CPU
	EndGlobalSection
	GlobalSection(ProjectConfigurationPlatforms) = postSolution
		{1493C491-7827-4E21-9543-05A53228CBCD}.Debug|Any CPU.ActiveCfg = Debug|Any CPU
		{1493C491-7827-4E21-9543-05A53228CBCD}.Debug|Any CPU.Build.0 = Debug|Any CPU
		{1493C491-7827-4E21-9543-05A53228CBCD}.Release|Any CPU.ActiveCfg = Release|Any CPU
		{1493C491-7827-4E21-9543-05A53228CBCD}.Release|Any CPU.Build.0 = Release|Any CPU
	EndGlobalSection
	GlobalSection(SolutionProperties) = preSolution
		HideSolutionNode = FALSE
	EndGlobalSection
	GlobalSection(ExtensibilityGlobals) = postSolution
		SolutionGuid = {6D4B48C5-1153-40B7-8CE2-2A325A488556}
	EndGlobalSection
EndGlobal
