
Microsoft Visual Studio Solution File, Format Version 12.00
# Visual Studio Version 17
VisualStudioVersion = 17.14.37502.11 d17.14
MinimumVisualStudioVersion = 10.0.40219.1
Project("{FAE04EC0-301F-11D3-BF4B-00C04F79EFBC}") = "WinFormsApp3", "WinFormsApp3\WinFormsApp3.csproj", "{28F1E9BD-E6BA-4DC9-977E-62BE9FE04404}"
EndProject
Global
	GlobalSection(SolutionConfigurationPlatforms) = preSolution
		Debug|Any CPU = Debug|Any CPU
		Release|Any CPU = Release|Any CPU
	EndGlobalSection
	GlobalSection(ProjectConfigurationPlatforms) = postSolution
		{28F1E9BD-E6BA-4DC9-977E-62BE9FE04404}.Debug|Any CPU.ActiveCfg = Debug|Any CPU
		{28F1E9BD-E6BA-4DC9-977E-62BE9FE04404}.Debug|Any CPU.Build.0 = Debug|Any CPU
		{28F1E9BD-E6BA-4DC9-977E-62BE9FE04404}.Release|Any CPU.ActiveCfg = Release|Any CPU
		{28F1E9BD-E6BA-4DC9-977E-62BE9FE04404}.Release|Any CPU.Build.0 = Release|Any CPU
	EndGlobalSection
	GlobalSection(SolutionProperties) = preSolution
		HideSolutionNode = FALSE
	EndGlobalSection
	GlobalSection(ExtensibilityGlobals) = postSolution
		SolutionGuid = {BD44E578-B5DE-444B-9368-1C39C1697C37}
	EndGlobalSection
EndGlobal
