
Microsoft Visual Studio Solution File, Format Version 12.00
# Visual Studio Version 17
VisualStudioVersion = 17.14.37502.11 d17.14
MinimumVisualStudioVersion = 10.0.40219.1
Project("{FAE04EC0-301F-11D3-BF4B-00C04F79EFBC}") = "lianxi8yue7", "lianxi8yue7\lianxi8yue7.csproj", "{B55BFDD0-820A-4C47-AAE0-F95DFB7CC1F1}"
EndProject
Global
	GlobalSection(SolutionConfigurationPlatforms) = preSolution
		Debug|Any CPU = Debug|Any CPU
		Release|Any CPU = Release|Any CPU
	EndGlobalSection
	GlobalSection(ProjectConfigurationPlatforms) = postSolution
		{B55BFDD0-820A-4C47-AAE0-F95DFB7CC1F1}.Debug|Any CPU.ActiveCfg = Debug|Any CPU
		{B55BFDD0-820A-4C47-AAE0-F95DFB7CC1F1}.Debug|Any CPU.Build.0 = Debug|Any CPU
		{B55BFDD0-820A-4C47-AAE0-F95DFB7CC1F1}.Release|Any CPU.ActiveCfg = Release|Any CPU
		{B55BFDD0-820A-4C47-AAE0-F95DFB7CC1F1}.Release|Any CPU.Build.0 = Release|Any CPU
	EndGlobalSection
	GlobalSection(SolutionProperties) = preSolution
		HideSolutionNode = FALSE
	EndGlobalSection
	GlobalSection(ExtensibilityGlobals) = postSolution
		SolutionGuid = {50DBF745-9C92-4AF9-877F-79E18E35E485}
	EndGlobalSection
EndGlobal
