
Microsoft Visual Studio Solution File, Format Version 12.00
# Visual Studio Version 17
VisualStudioVersion = 17.14.37502.11 d17.14
MinimumVisualStudioVersion = 10.0.40219.1
Project("{FAE04EC0-301F-11D3-BF4B-00C04F79EFBC}") = "lianxi8yue26ri", "lianxi8yue26ri\lianxi8yue26ri.csproj", "{75AE3749-8F00-4B65-870C-CCE2EB6E53B4}"
EndProject
Global
	GlobalSection(SolutionConfigurationPlatforms) = preSolution
		Debug|Any CPU = Debug|Any CPU
		Release|Any CPU = Release|Any CPU
	EndGlobalSection
	GlobalSection(ProjectConfigurationPlatforms) = postSolution
		{75AE3749-8F00-4B65-870C-CCE2EB6E53B4}.Debug|Any CPU.ActiveCfg = Debug|Any CPU
		{75AE3749-8F00-4B65-870C-CCE2EB6E53B4}.Debug|Any CPU.Build.0 = Debug|Any CPU
		{75AE3749-8F00-4B65-870C-CCE2EB6E53B4}.Release|Any CPU.ActiveCfg = Release|Any CPU
		{75AE3749-8F00-4B65-870C-CCE2EB6E53B4}.Release|Any CPU.Build.0 = Release|Any CPU
	EndGlobalSection
	GlobalSection(SolutionProperties) = preSolution
		HideSolutionNode = FALSE
	EndGlobalSection
	GlobalSection(ExtensibilityGlobals) = postSolution
		SolutionGuid = {2FF3BE30-215A-49C5-995E-8A1B31D64C79}
	EndGlobalSection
EndGlobal
