
Microsoft Visual Studio Solution File, Format Version 12.00
# Visual Studio Version 17
VisualStudioVersion = 17.14.37502.11 d17.14
MinimumVisualStudioVersion = 10.0.40219.1
Project("{FAE04EC0-301F-11D3-BF4B-00C04F79EFBC}") = "zuoye8yue6ri", "zuoye8yue6ri\zuoye8yue6ri.csproj", "{05F6529E-3505-4B47-81E8-393A75200ACA}"
EndProject
Global
	GlobalSection(SolutionConfigurationPlatforms) = preSolution
		Debug|Any CPU = Debug|Any CPU
		Release|Any CPU = Release|Any CPU
	EndGlobalSection
	GlobalSection(ProjectConfigurationPlatforms) = postSolution
		{05F6529E-3505-4B47-81E8-393A75200ACA}.Debug|Any CPU.ActiveCfg = Debug|Any CPU
		{05F6529E-3505-4B47-81E8-393A75200ACA}.Debug|Any CPU.Build.0 = Debug|Any CPU
		{05F6529E-3505-4B47-81E8-393A75200ACA}.Release|Any CPU.ActiveCfg = Release|Any CPU
		{05F6529E-3505-4B47-81E8-393A75200ACA}.Release|Any CPU.Build.0 = Release|Any CPU
	EndGlobalSection
	GlobalSection(SolutionProperties) = preSolution
		HideSolutionNode = FALSE
	EndGlobalSection
	GlobalSection(ExtensibilityGlobals) = postSolution
		SolutionGuid = {3420EC9D-E5AC-4AC2-9BEA-58E2F9544470}
	EndGlobalSection
EndGlobal
